{
    "_readme": [
        "This file locks the dependencies of your project to a known state",
        "Read more about it at https://getcomposer.org/doc/01-basic-usage.md#installing-dependencies",
        "This file is @generated automatically"
    ],
    "content-hash": "bf5295f18353eb2cc202446ec27701d1",
    "packages": [
        {
            "name": "emarref/jwt",
            "version": "1.0.3",
            "source": {
                "type": "git",
                "url": "https://github.com/emarref/jwt.git",
                "reference": "79f563750ff90dabd4fa677c4b4e5ec9ed52d9b4"
            },
            "dist": {
                "type": "zip",
                "url": "https://api.github.com/repos/emarref/jwt/zipball/79f563750ff90dabd4fa677c4b4e5ec9ed52d9b4",
                "reference": "79f563750ff90dabd4fa677c4b4e5ec9ed52d9b4",
                "shasum": ""
            },
            "require": {
                "php": ">=5.4"
            },
            "require-dev": {
                "phpunit/phpunit": "*"
            },
            "suggest": {
                "ext-openssl": "Enables more token encryption options"
            },
            "type": "library",
            "autoload": {
                "psr-4": {
                    "Emarref\\Jwt\\": "src/"
                }
            },
            "notification-url": "https://packagist.org/downloads/",
            "license": [
                "MIT"
            ],
            "authors": [
                {
                    "name": "Malcolm Fell",
                    "email": "emarref@gmail.com"
                }
            ],
            "description": "A JWT implementation",
            "time": "2016-09-05T20:33:06+00:00"
        },
        {
            "name": "lachee/fontawesome-5-cheatsheet",
            "version": "dev-master",
            "source": {
                "type": "git",
                "url": "https://github.com/Lachee/fontawesome-5-cheatsheet.git",
                "reference": "ac7485cce5da1fbda55dd5ffe6d7fe6c4f73e837"
            },
            "dist": {
                "type": "zip",
                "url": "https://api.github.com/repos/Lachee/fontawesome-5-cheatsheet/zipball/ac7485cce5da1fbda55dd5ffe6d7fe6c4f73e837",
                "reference": "ac7485cce5da1fbda55dd5ffe6d7fe6c4f73e837",
                "shasum": ""
            },
            "require": {
                "php": ">=7.1"
            },
            "require-dev": {
                "phpunit/phpunit": "6.*"
            },
            "type": "library",
            "autoload": {
                "psr-4": {
                    "lachee\\fontawesome\\": "src/"
                }
            },
            "notification-url": "https://packagist.org/downloads/",
            "authors": [
                {
                    "name": "Lachee",
                    "email": "lachlan@chickatrice.net"
                }
            ],
            "description": "Font Awesome 5 Cheatsheet",
            "time": "2020-04-05T06:11:52+00:00"
        },
        {
            "name": "predis/predis",
            "version": "v1.1.1",
            "source": {
                "type": "git",
                "url": "https://github.com/nrk/predis.git",
                "reference": "f0210e38881631afeafb56ab43405a92cafd9fd1"
            },
            "dist": {
                "type": "zip",
                "url": "https://api.github.com/repos/nrk/predis/zipball/f0210e38881631afeafb56ab43405a92cafd9fd1",
                "reference": "f0210e38881631afeafb56ab43405a92cafd9fd1",
                "shasum": ""
            },
            "require": {
                "php": ">=5.3.9"
            },
            "require-dev": {
                "phpunit/phpunit": "~4.8"
            },
            "suggest": {
                "ext-curl": "Allows access to Webdis when paired with phpiredis",
                "ext-phpiredis": "Allows faster serialization and deserialization of the Redis protocol"
            },
            "type": "library",
            "autoload": {
                "psr-4": {
                    "Predis\\": "src/"
                }
            },
            "notification-url": "https://packagist.org/downloads/",
            "license": [
                "MIT"
            ],
            "authors": [
                {
                    "name": "Daniele Alessandri",
                    "email": "suppakilla@gmail.com",
                    "homepage": "http://clorophilla.net"
                }
            ],
            "description": "Flexible and feature-complete Redis client for PHP and HHVM",
            "homepage": "http://github.com/nrk/predis",
            "keywords": [
                "nosql",
                "predis",
                "redis"
            ],
            "time": "2016-06-16T16:22:20+00:00"
        },
        {
            "name": "tedivm/jshrink",
            "version": "v1.3.3",
            "source": {
                "type": "git",
                "url": "https://github.com/tedious/JShrink.git",
                "reference": "566e0c731ba4e372be2de429ef7d54f4faf4477a"
            },
            "dist": {
                "type": "zip",
                "url": "https://api.github.com/repos/tedious/JShrink/zipball/566e0c731ba4e372be2de429ef7d54f4faf4477a",
                "reference": "566e0c731ba4e372be2de429ef7d54f4faf4477a",
                "shasum": ""
            },
            "require": {
                "php": "^5.6|^7.0"
            },
            "require-dev": {
                "friendsofphp/php-cs-fixer": "^2.8",
                "php-coveralls/php-coveralls": "^1.1.0",
                "phpunit/phpunit": "^6"
            },
            "type": "library",
            "autoload": {
                "psr-0": {
                    "JShrink": "src/"
                }
            },
            "notification-url": "https://packagist.org/downloads/",
            "license": [
                "BSD-3-Clause"
            ],
            "authors": [
                {
                    "name": "Robert Hafner",
                    "email": "tedivm@tedivm.com"
                }
            ],
            "description": "Javascript Minifier built in PHP",
            "homepage": "http://github.com/tedious/JShrink",
            "keywords": [
                "javascript",
                "minifier"
            ],
            "time": "2019-06-28T18:11:46+00:00"
        }
    ],
    "packages-dev": [],
    "aliases": [],
    "minimum-stability": "stable",
    "stability-flags": {
        "lachee/fontawesome-5-cheatsheet": 20
    },
    "prefer-stable": false,
    "prefer-lowest": false,
    "platform": [],
    "platform-dev": []
}
